{
	"name": "FirstNodeProject",
	"version": "1.0.0",
	"lockfileVersion": 1,
	"requires": true,
	"dependencies": {
		"@types/bson": {
			"version": "4.0.2",
			"resolved": "https://registry.npmjs.org/@types/bson/-/bson-4.0.2.tgz",
			"integrity": "sha512-+uWmsejEHfmSjyyM/LkrP0orfE2m5Mx9Xel4tXNeqi1ldK5XMQcDsFkBmLDtuyKUbxj2jGDo0H240fbCRJZo7Q==",
			"dev": true,
			"requires": {
				"@types/node": "*"
			}
		},
		"@types/mongodb": {
			"version": "3.5.27",
			"resolved": "https://registry.npmjs.org/@types/mongodb/-/mongodb-3.5.27.tgz",
			"integrity": "sha512-1jxKDgdfJEOO9zp+lv43p8jOqRs02xPrdUTzAZIVK9tVEySfCEmktL2jEu9A3wOBEOs18yKzpVIKUh8b8ALk3w==",
			"dev": true,
			"requires": {
				"@types/bson": "*",
				"@types/node": "*"
			}
		},
		"@types/node": {
			"version": "14.11.2",
			"resolved": "https://registry.npmjs.org/@types/node/-/node-14.11.2.tgz",
			"integrity": "sha512-jiE3QIxJ8JLNcb1Ps6rDbysDhN4xa8DJJvuC9prr6w+1tIh+QAbYyNF3tyiZNLDBIuBCf4KEcV2UvQm/V60xfA==",
			"dev": true
		},
		"bad-words": {
			"version": "3.0.3",
			"resolved": "https://registry.npmjs.org/bad-words/-/bad-words-3.0.3.tgz",
			"integrity": "sha512-To+nGz+U8SpEQieZ2kSadY/1hVO88UXAslCJuTgLjDOuGrs/tNW2BYwl0fctxcRLooe0nzYN1pGzgvRIrd0BeA==",
			"dev": true,
			"requires": {
				"badwords-list": "^1.0.0"
			}
		},
		"badwords-list": {
			"version": "1.0.0",
			"resolved": "https://registry.npmjs.org/badwords-list/-/badwords-list-1.0.0.tgz",
			"integrity": "sha1-XphW2/E0gqKVw7CzBK+51M/FxXk=",
			"dev": true
		},
		"bl": {
			"version": "2.2.1",
			"resolved": "https://registry.npmjs.org/bl/-/bl-2.2.1.tgz",
			"integrity": "sha512-6Pesp1w0DEX1N550i/uGV/TqucVL4AM/pgThFSN/Qq9si1/DF9aIHs1BxD8V/QU0HoeHO6cQRTAuYnLPKq1e4g==",
			"dev": true,
			"requires": {
				"readable-stream": "^2.3.5",
				"safe-buffer": "^5.1.1"
			}
		},
		"bson": {
			"version": "1.1.5",
			"resolved": "https://registry.npmjs.org/bson/-/bson-1.1.5.tgz",
			"integrity": "sha512-kDuEzldR21lHciPQAIulLs1LZlCXdLziXI6Mb/TDkwXhb//UORJNPXgcRs2CuO4H0DcMkpfT3/ySsP3unoZjBg==",
			"dev": true
		},
		"core-util-is": {
			"version": "1.0.2",
			"resolved": "https://registry.npmjs.org/core-util-is/-/core-util-is-1.0.2.tgz",
			"integrity": "sha1-tf1UIgqivFq1eqtxQMlAdUUDwac=",
			"dev": true
		},
		"debug": {
			"version": "4.2.0",
			"resolved": "https://registry.npmjs.org/debug/-/debug-4.2.0.tgz",
			"integrity": "sha512-IX2ncY78vDTjZMFUdmsvIRFY2Cf4FnD0wRs+nQwJU8Lu99/tPFdb0VybiiMTPe3I6rQmwsqQqRBvxU+bZ/I8sg==",
			"dev": true,
			"requires": {
				"ms": "2.1.2"
			}
		},
		"denque": {
			"version": "1.4.1",
			"resolved": "https://registry.npmjs.org/denque/-/denque-1.4.1.tgz",
			"integrity": "sha512-OfzPuSZKGcgr96rf1oODnfjqBFmr1DVoc/TrItj3Ohe0Ah1C5WX5Baquw/9U9KovnQ88EqmJbD66rKYUQYN1tQ==",
			"dev": true
		},
		"dotenv": {
			"version": "8.2.0",
			"resolved": "https://registry.npmjs.org/dotenv/-/dotenv-8.2.0.tgz",
			"integrity": "sha512-8sJ78ElpbDJBHNeBzUbUVLsqKdccaa/BXF1uPTw3GrvQTBgrQrtObr2mUrE38vzYd8cEv+m/JBfDLioYcfXoaw==",
			"dev": true
		},
		"express": {
			"version": "4.17.1",
			"resolved": "https://registry.npmjs.org/express/-/express-4.17.1.tgz",
			"integrity": "sha1-RJH8OGBc9R+GKdOcK10Cb5ikwTQ=",
			"dev": true,
			"requires": {
				"accepts": "~1.3.7",
				"array-flatten": "1.1.1",
				"body-parser": "1.19.0",
				"content-disposition": "0.5.3",
				"content-type": "~1.0.4",
				"cookie": "0.4.0",
				"cookie-signature": "1.0.6",
				"debug": "2.6.9",
				"depd": "~1.1.2",
				"encodeurl": "~1.0.2",
				"escape-html": "~1.0.3",
				"etag": "~1.8.1",
				"finalhandler": "~1.1.2",
				"fresh": "0.5.2",
				"merge-descriptors": "1.0.1",
				"methods": "~1.1.2",
				"on-finished": "~2.3.0",
				"parseurl": "~1.3.3",
				"path-to-regexp": "0.1.7",
				"proxy-addr": "~2.0.5",
				"qs": "6.7.0",
				"range-parser": "~1.2.1",
				"safe-buffer": "5.1.2",
				"send": "0.17.1",
				"serve-static": "1.14.1",
				"setprototypeof": "1.1.1",
				"statuses": "~1.5.0",
				"type-is": "~1.6.18",
				"utils-merge": "1.0.1",
				"vary": "~1.1.2"
			},
			"dependencies": {
				"accepts": {
					"version": "1.3.7",
					"resolved": "https://registry.npmjs.org/accepts/-/accepts-1.3.7.tgz",
					"integrity": "sha1-UxvHJlF6OytB+FACHGzBXqq1B80=",
					"dev": true,
					"requires": {
						"mime-types": "~2.1.24",
						"negotiator": "0.6.2"
					},
					"dependencies": {
						"mime-types": {
							"version": "2.1.27",
							"resolved": "https://registry.npmjs.org/mime-types/-/mime-types-2.1.27.tgz",
							"integrity": "sha1-R5SfmOJ56lMRn1ci4PNOUpvsAJ8=",
							"dev": true,
							"requires": {
								"mime-db": "1.44.0"
							},
							"dependencies": {
								"mime-db": {
									"version": "1.44.0",
									"resolved": "https://registry.npmjs.org/mime-db/-/mime-db-1.44.0.tgz",
									"integrity": "sha1-+hHF6wrKEzS0Izy01S8QxaYnL5I=",
									"dev": true
								}
							}
						},
						"negotiator": {
							"version": "0.6.2",
							"resolved": "https://registry.npmjs.org/negotiator/-/negotiator-0.6.2.tgz",
							"integrity": "sha1-/qz3zPUlp3rpY0Q2pkiD/+yjRvs=",
							"dev": true
						}
					}
				},
				"array-flatten": {
					"version": "1.1.1",
					"resolved": "https://registry.npmjs.org/array-flatten/-/array-flatten-1.1.1.tgz",
					"integrity": "sha1-ml9pkFGx5wczKPKgCJaLZOopVdI=",
					"dev": true
				},
				"body-parser": {
					"version": "1.19.0",
					"resolved": "https://registry.npmjs.org/body-parser/-/body-parser-1.19.0.tgz",
					"integrity": "sha1-lrJwnlfJxOCab9Zqj9l5hE9p8Io=",
					"dev": true,
					"requires": {
						"bytes": "3.1.0",
						"content-type": "~1.0.4",
						"debug": "2.6.9",
						"depd": "~1.1.2",
						"http-errors": "1.7.2",
						"iconv-lite": "0.4.24",
						"on-finished": "~2.3.0",
						"qs": "6.7.0",
						"raw-body": "2.4.0",
						"type-is": "~1.6.17"
					},
					"dependencies": {
						"bytes": {
							"version": "3.1.0",
							"resolved": "https://registry.npmjs.org/bytes/-/bytes-3.1.0.tgz",
							"integrity": "sha1-9s95M6Ng4FiPqf3oVlHNx/gF0fY=",
							"dev": true
						},
						"http-errors": {
							"version": "1.7.2",
							"resolved": "https://registry.npmjs.org/http-errors/-/http-errors-1.7.2.tgz",
							"integrity": "sha1-T1ApzxMjnzEDblsuVSkrz7zIXI8=",
							"dev": true,
							"requires": {
								"depd": "~1.1.2",
								"inherits": "2.0.3",
								"setprototypeof": "1.1.1",
								"statuses": ">= 1.5.0 < 2",
								"toidentifier": "1.0.0"
							},
							"dependencies": {
								"inherits": {
									"version": "2.0.3",
									"resolved": "https://registry.npmjs.org/inherits/-/inherits-2.0.3.tgz",
									"integrity": "sha1-Yzwsg+PaQqUC9SRmAiSA9CCCYd4=",
									"dev": true
								},
								"toidentifier": {
									"version": "1.0.0",
									"resolved": "https://registry.npmjs.org/toidentifier/-/toidentifier-1.0.0.tgz",
									"integrity": "sha1-fhvjRw8ed5SLxD2Uo8j013UrpVM=",
									"dev": true
								}
							}
						},
						"iconv-lite": {
							"version": "0.4.24",
							"resolved": "https://registry.npmjs.org/iconv-lite/-/iconv-lite-0.4.24.tgz",
							"integrity": "sha1-ICK0sl+93CHS9SSXSkdKr+czkIs=",
							"dev": true,
							"requires": {
								"safer-buffer": ">= 2.1.2 < 3"
							},
							"dependencies": {
								"safer-buffer": {
									"version": "2.1.2",
									"resolved": "https://registry.npmjs.org/safer-buffer/-/safer-buffer-2.1.2.tgz",
									"integrity": "sha1-RPoWGwGHuVSd2Eu5GAL5vYOFzWo=",
									"dev": true
								}
							}
						},
						"raw-body": {
							"version": "2.4.0",
							"resolved": "https://registry.npmjs.org/raw-body/-/raw-body-2.4.0.tgz",
							"integrity": "sha1-oc5vucm8NWylLoklarWQWeE9AzI=",
							"dev": true,
							"requires": {
								"bytes": "3.1.0",
								"http-errors": "1.7.2",
								"iconv-lite": "0.4.24",
								"unpipe": "1.0.0"
							},
							"dependencies": {
								"unpipe": {
									"version": "1.0.0",
									"resolved": "https://registry.npmjs.org/unpipe/-/unpipe-1.0.0.tgz",
									"integrity": "sha1-sr9O6FFKrmFltIF4KdIbLvSZBOw=",
									"dev": true
								}
							}
						}
					}
				},
				"content-disposition": {
					"version": "0.5.3",
					"resolved": "https://registry.npmjs.org/content-disposition/-/content-disposition-0.5.3.tgz",
					"integrity": "sha1-4TDK9+cnkIfFYWwgB9BIVpiYT70=",
					"dev": true,
					"requires": {
						"safe-buffer": "5.1.2"
					}
				},
				"content-type": {
					"version": "1.0.4",
					"resolved": "https://registry.npmjs.org/content-type/-/content-type-1.0.4.tgz",
					"integrity": "sha1-4TjMdeBAxyexlm/l5fjJruJW/js=",
					"dev": true
				},
				"cookie": {
					"version": "0.4.0",
					"resolved": "https://registry.npmjs.org/cookie/-/cookie-0.4.0.tgz",
					"integrity": "sha1-vrQ35wIrO21JAZ0IhmUwPr6cFLo=",
					"dev": true
				},
				"cookie-signature": {
					"version": "1.0.6",
					"resolved": "https://registry.npmjs.org/cookie-signature/-/cookie-signature-1.0.6.tgz",
					"integrity": "sha1-4wOogrNCzD7oylE6eZmXNNqzriw=",
					"dev": true
				},
				"debug": {
					"version": "2.6.9",
					"resolved": "https://registry.npmjs.org/debug/-/debug-2.6.9.tgz",
					"integrity": "sha1-XRKFFd8TT/Mn6QpMk/Tgd6U2NB8=",
					"dev": true,
					"requires": {
						"ms": "2.0.0"
					},
					"dependencies": {
						"ms": {
							"version": "2.0.0",
							"resolved": "https://registry.npmjs.org/ms/-/ms-2.0.0.tgz",
							"integrity": "sha1-VgiurfwAvmwpAd9fmGF4jeDVl8g=",
							"dev": true
						}
					}
				},
				"depd": {
					"version": "1.1.2",
					"resolved": "https://registry.npmjs.org/depd/-/depd-1.1.2.tgz",
					"integrity": "sha1-m81S4UwJd2PnSbJ0xDRu0uVgtak=",
					"dev": true
				},
				"encodeurl": {
					"version": "1.0.2",
					"resolved": "https://registry.npmjs.org/encodeurl/-/encodeurl-1.0.2.tgz",
					"integrity": "sha1-rT/0yG7C0CkyL1oCw6mmBslbP1k=",
					"dev": true
				},
				"escape-html": {
					"version": "1.0.3",
					"resolved": "https://registry.npmjs.org/escape-html/-/escape-html-1.0.3.tgz",
					"integrity": "sha1-Aljq5NPQwJdN4cFpGI7wBR0dGYg=",
					"dev": true
				},
				"etag": {
					"version": "1.8.1",
					"resolved": "https://registry.npmjs.org/etag/-/etag-1.8.1.tgz",
					"integrity": "sha1-Qa4u62XvpiJorr/qg6x9eSmbCIc=",
					"dev": true
				},
				"finalhandler": {
					"version": "1.1.2",
					"resolved": "https://registry.npmjs.org/finalhandler/-/finalhandler-1.1.2.tgz",
					"integrity": "sha1-t+fQAP/RGTjQ/bBTUG9uur6fWH0=",
					"dev": true,
					"requires": {
						"debug": "2.6.9",
						"encodeurl": "~1.0.2",
						"escape-html": "~1.0.3",
						"on-finished": "~2.3.0",
						"parseurl": "~1.3.3",
						"statuses": "~1.5.0",
						"unpipe": "~1.0.0"
					},
					"dependencies": {
						"unpipe": {
							"version": "1.0.0",
							"resolved": "https://registry.npmjs.org/unpipe/-/unpipe-1.0.0.tgz",
							"integrity": "sha1-sr9O6FFKrmFltIF4KdIbLvSZBOw=",
							"dev": true
						}
					}
				},
				"fresh": {
					"version": "0.5.2",
					"resolved": "https://registry.npmjs.org/fresh/-/fresh-0.5.2.tgz",
					"integrity": "sha1-PYyt2Q2XZWn6g1qx+OSyOhBWBac=",
					"dev": true
				},
				"merge-descriptors": {
					"version": "1.0.1",
					"resolved": "https://registry.npmjs.org/merge-descriptors/-/merge-descriptors-1.0.1.tgz",
					"integrity": "sha1-sAqqVW3YtEVoFQ7J0blT8/kMu2E=",
					"dev": true
				},
				"methods": {
					"version": "1.1.2",
					"resolved": "https://registry.npmjs.org/methods/-/methods-1.1.2.tgz",
					"integrity": "sha1-VSmk1nZUE07cxSZmVoNbD4Ua/O4=",
					"dev": true
				},
				"on-finished": {
					"version": "2.3.0",
					"resolved": "https://registry.npmjs.org/on-finished/-/on-finished-2.3.0.tgz",
					"integrity": "sha1-IPEzZIGwg811M3mSoWlxqi2QaUc=",
					"dev": true,
					"requires": {
						"ee-first": "1.1.1"
					},
					"dependencies": {
						"ee-first": {
							"version": "1.1.1",
							"resolved": "https://registry.npmjs.org/ee-first/-/ee-first-1.1.1.tgz",
							"integrity": "sha1-WQxhFWsK4vTwJVcyoViyZrxWsh0=",
							"dev": true
						}
					}
				},
				"parseurl": {
					"version": "1.3.3",
					"resolved": "https://registry.npmjs.org/parseurl/-/parseurl-1.3.3.tgz",
					"integrity": "sha1-naGee+6NEt/wUT7Vt2lXeTvC6NQ=",
					"dev": true
				},
				"path-to-regexp": {
					"version": "0.1.7",
					"resolved": "https://registry.npmjs.org/path-to-regexp/-/path-to-regexp-0.1.7.tgz",
					"integrity": "sha1-32BBeABfUi8V60SQ5yR6G/qmf4w=",
					"dev": true
				},
				"proxy-addr": {
					"version": "2.0.6",
					"resolved": "https://registry.npmjs.org/proxy-addr/-/proxy-addr-2.0.6.tgz",
					"integrity": "sha1-/cIzZQVEfT8vLGOO0nLK9hS7sr8=",
					"dev": true,
					"requires": {
						"forwarded": "~0.1.2",
						"ipaddr.js": "1.9.1"
					},
					"dependencies": {
						"forwarded": {
							"version": "0.1.2",
							"resolved": "https://registry.npmjs.org/forwarded/-/forwarded-0.1.2.tgz",
							"integrity": "sha1-mMI9qxF1ZXuMBXPozszZGw/xjIQ=",
							"dev": true
						},
						"ipaddr.js": {
							"version": "1.9.1",
							"resolved": "https://registry.npmjs.org/ipaddr.js/-/ipaddr.js-1.9.1.tgz",
							"integrity": "sha1-v/OFQ+64mEglB5/zoqjmy9RngbM=",
							"dev": true
						}
					}
				},
				"qs": {
					"version": "6.7.0",
					"resolved": "https://registry.npmjs.org/qs/-/qs-6.7.0.tgz",
					"integrity": "sha1-QdwaAV49WB8WIXdr4xr7KHapsbw=",
					"dev": true
				},
				"range-parser": {
					"version": "1.2.1",
					"resolved": "https://registry.npmjs.org/range-parser/-/range-parser-1.2.1.tgz",
					"integrity": "sha1-PPNwI9GZ4cJNGlW4SADC8+ZGgDE=",
					"dev": true
				},
				"safe-buffer": {
					"version": "5.1.2",
					"resolved": "https://registry.npmjs.org/safe-buffer/-/safe-buffer-5.1.2.tgz",
					"integrity": "sha1-mR7GnSluAxN0fVm9/St0XDX4go0=",
					"dev": true
				},
				"send": {
					"version": "0.17.1",
					"resolved": "https://registry.npmjs.org/send/-/send-0.17.1.tgz",
					"integrity": "sha1-wdiwWfeQD3Rm3Uk4vcROEd2zdsg=",
					"dev": true,
					"requires": {
						"debug": "2.6.9",
						"depd": "~1.1.2",
						"destroy": "~1.0.4",
						"encodeurl": "~1.0.2",
						"escape-html": "~1.0.3",
						"etag": "~1.8.1",
						"fresh": "0.5.2",
						"http-errors": "~1.7.2",
						"mime": "1.6.0",
						"ms": "2.1.1",
						"on-finished": "~2.3.0",
						"range-parser": "~1.2.1",
						"statuses": "~1.5.0"
					},
					"dependencies": {
						"destroy": {
							"version": "1.0.4",
							"resolved": "https://registry.npmjs.org/destroy/-/destroy-1.0.4.tgz",
							"integrity": "sha1-l4hXRCxEdJ5CBmE+N5RiBYJqvYA=",
							"dev": true
						},
						"http-errors": {
							"version": "1.7.3",
							"resolved": "https://registry.npmjs.org/http-errors/-/http-errors-1.7.3.tgz",
							"integrity": "sha1-bGGeT5xgMIw4UZSYwU+7EKrOuwY=",
							"dev": true,
							"requires": {
								"depd": "~1.1.2",
								"inherits": "2.0.4",
								"setprototypeof": "1.1.1",
								"statuses": ">= 1.5.0 < 2",
								"toidentifier": "1.0.0"
							},
							"dependencies": {
								"inherits": {
									"version": "2.0.4",
									"resolved": "https://registry.npmjs.org/inherits/-/inherits-2.0.4.tgz",
									"integrity": "sha1-D6LGT5MpF8NDOg3tVTY6rjdBa3w=",
									"dev": true
								},
								"toidentifier": {
									"version": "1.0.0",
									"resolved": "https://registry.npmjs.org/toidentifier/-/toidentifier-1.0.0.tgz",
									"integrity": "sha1-fhvjRw8ed5SLxD2Uo8j013UrpVM=",
									"dev": true
								}
							}
						},
						"mime": {
							"version": "1.6.0",
							"resolved": "https://registry.npmjs.org/mime/-/mime-1.6.0.tgz",
							"integrity": "sha1-Ms2eXGRVO9WNGaVor0Uqz/BJgbE=",
							"dev": true
						},
						"ms": {
							"version": "2.1.1",
							"resolved": "https://registry.npmjs.org/ms/-/ms-2.1.1.tgz",
							"integrity": "sha1-MKWGTrPrsKZvLr5tcnrwagnYbgo=",
							"dev": true
						}
					}
				},
				"serve-static": {
					"version": "1.14.1",
					"resolved": "https://registry.npmjs.org/serve-static/-/serve-static-1.14.1.tgz",
					"integrity": "sha1-Zm5jbcTwEPfvKZcKiKZ0MgiYsvk=",
					"dev": true,
					"requires": {
						"encodeurl": "~1.0.2",
						"escape-html": "~1.0.3",
						"parseurl": "~1.3.3",
						"send": "0.17.1"
					}
				},
				"setprototypeof": {
					"version": "1.1.1",
					"resolved": "https://registry.npmjs.org/setprototypeof/-/setprototypeof-1.1.1.tgz",
					"integrity": "sha1-fpWsskqpL1iF4KvvW6ExMw1K5oM=",
					"dev": true
				},
				"statuses": {
					"version": "1.5.0",
					"resolved": "https://registry.npmjs.org/statuses/-/statuses-1.5.0.tgz",
					"integrity": "sha1-Fhx9rBd2Wf2YEfQ3cfqZOBR4Yow=",
					"dev": true
				},
				"type-is": {
					"version": "1.6.18",
					"resolved": "https://registry.npmjs.org/type-is/-/type-is-1.6.18.tgz",
					"integrity": "sha1-TlUs0F3wlGfcvE73Od6J8s83wTE=",
					"dev": true,
					"requires": {
						"media-typer": "0.3.0",
						"mime-types": "~2.1.24"
					},
					"dependencies": {
						"media-typer": {
							"version": "0.3.0",
							"resolved": "https://registry.npmjs.org/media-typer/-/media-typer-0.3.0.tgz",
							"integrity": "sha1-hxDXrwqmJvj/+hzgAWhUUmMlV0g=",
							"dev": true
						},
						"mime-types": {
							"version": "2.1.27",
							"resolved": "https://registry.npmjs.org/mime-types/-/mime-types-2.1.27.tgz",
							"integrity": "sha1-R5SfmOJ56lMRn1ci4PNOUpvsAJ8=",
							"dev": true,
							"requires": {
								"mime-db": "1.44.0"
							},
							"dependencies": {
								"mime-db": {
									"version": "1.44.0",
									"resolved": "https://registry.npmjs.org/mime-db/-/mime-db-1.44.0.tgz",
									"integrity": "sha1-+hHF6wrKEzS0Izy01S8QxaYnL5I=",
									"dev": true
								}
							}
						}
					}
				},
				"utils-merge": {
					"version": "1.0.1",
					"resolved": "https://registry.npmjs.org/utils-merge/-/utils-merge-1.0.1.tgz",
					"integrity": "sha1-n5VxD1CiZ5R7LMwSR0HBAoQn5xM=",
					"dev": true
				},
				"vary": {
					"version": "1.1.2",
					"resolved": "https://registry.npmjs.org/vary/-/vary-1.1.2.tgz",
					"integrity": "sha1-IpnwLG3tMNSllhsLn3RSShj2NPw=",
					"dev": true
				}
			}
		},
		"inherits": {
			"version": "2.0.4",
			"resolved": "https://registry.npmjs.org/inherits/-/inherits-2.0.4.tgz",
			"integrity": "sha512-k/vGaX4/Yla3WzyMCvTQOXYeIHvqOKtnqBduzTHpzpQZzAskKMhZ2K+EnBiSM9zGSoIFeMpXKxa4dYeZIQqewQ==",
			"dev": true
		},
		"isarray": {
			"version": "1.0.0",
			"resolved": "https://registry.npmjs.org/isarray/-/isarray-1.0.0.tgz",
			"integrity": "sha1-u5NdSFgsuhaMBoNJV6VKPgcSTxE=",
			"dev": true
		},
		"memory-pager": {
			"version": "1.5.0",
			"resolved": "https://registry.npmjs.org/memory-pager/-/memory-pager-1.5.0.tgz",
			"integrity": "sha512-ZS4Bp4r/Zoeq6+NLJpP+0Zzm0pR8whtGPf1XExKLJBAczGMnSi3It14OiNCStjQjM6NU1okjQGSxgEZN8eBYKg==",
			"dev": true,
			"optional": true
		},
		"mongodb": {
			"version": "3.6.2",
			"resolved": "https://registry.npmjs.org/mongodb/-/mongodb-3.6.2.tgz",
			"integrity": "sha512-sSZOb04w3HcnrrXC82NEh/YGCmBuRgR+C1hZgmmv4L6dBz4BkRse6Y8/q/neXer9i95fKUBbFi4KgeceXmbsOA==",
			"dev": true,
			"requires": {
				"bl": "^2.2.1",
				"bson": "^1.1.4",
				"denque": "^1.4.1",
				"require_optional": "^1.0.1",
				"safe-buffer": "^5.1.2",
				"saslprep": "^1.0.0"
			}
		},
		"monk": {
			"version": "7.3.2",
			"resolved": "https://registry.npmjs.org/monk/-/monk-7.3.2.tgz",
			"integrity": "sha512-rf44p/l4HRDnrQXWci9SOz5uFAEQsHERVmE0tgya8OjOwqzeztE1sIcZ7JdxqpVk0Y1QyzApZWyBFWfvFB6sfQ==",
			"dev": true,
			"requires": {
				"@types/mongodb": "^3.5.25",
				"debug": "*",
				"mongodb": "^3.2.3",
				"monk-middleware-cast-ids": "^0.2.1",
				"monk-middleware-fields": "^0.2.0",
				"monk-middleware-handle-callback": "^0.2.0",
				"monk-middleware-options": "^0.2.1",
				"monk-middleware-query": "^0.2.0",
				"monk-middleware-wait-for-connection": "^0.2.0",
				"object-assign": "^4.1.1"
			}
		},
		"monk-middleware-cast-ids": {
			"version": "0.2.1",
			"resolved": "https://registry.npmjs.org/monk-middleware-cast-ids/-/monk-middleware-cast-ids-0.2.1.tgz",
			"integrity": "sha1-QMQOWmyzPM7cKJIglDJ17ohhxSk=",
			"dev": true
		},
		"monk-middleware-fields": {
			"version": "0.2.0",
			"resolved": "https://registry.npmjs.org/monk-middleware-fields/-/monk-middleware-fields-0.2.0.tgz",
			"integrity": "sha1-/2N6819ZSIecyyvhWpE2CRG+psE=",
			"dev": true
		},
		"monk-middleware-handle-callback": {
			"version": "0.2.2",
			"resolved": "https://registry.npmjs.org/monk-middleware-handle-callback/-/monk-middleware-handle-callback-0.2.2.tgz",
			"integrity": "sha512-5hBynb7asZ2uw9XVze7C3XH0zXT51yFDvYydk/5HnWWzh2NLglDSiKDcX0yLKPHzFgiq+5Z4Laq5fFVnFsmm8w==",
			"dev": true
		},
		"monk-middleware-options": {
			"version": "0.2.1",
			"resolved": "https://registry.npmjs.org/monk-middleware-options/-/monk-middleware-options-0.2.1.tgz",
			"integrity": "sha1-WNrhxRjUZjbr3/UG+t/Hc7tEKIY=",
			"dev": true
		},
		"monk-middleware-query": {
			"version": "0.2.0",
			"resolved": "https://registry.npmjs.org/monk-middleware-query/-/monk-middleware-query-0.2.0.tgz",
			"integrity": "sha1-qSbGd9SlYgxiFRsKVtDAwVFnWHQ=",
			"dev": true
		},
		"monk-middleware-wait-for-connection": {
			"version": "0.2.0",
			"resolved": "https://registry.npmjs.org/monk-middleware-wait-for-connection/-/monk-middleware-wait-for-connection-0.2.0.tgz",
			"integrity": "sha1-MSlY0w5Yi1fQl1TdfJe0hDMWg1o=",
			"dev": true
		},
		"ms": {
			"version": "2.1.2",
			"resolved": "https://registry.npmjs.org/ms/-/ms-2.1.2.tgz",
			"integrity": "sha512-sGkPx+VjMtmA6MX27oA4FBFELFCZZ4S4XqeGOXCv68tT+jb3vk/RyaKWP0PTKyWtmLSM0b+adUTEvbs1PEaH2w==",
			"dev": true
		},
		"object-assign": {
			"version": "4.1.1",
			"resolved": "https://registry.npmjs.org/object-assign/-/object-assign-4.1.1.tgz",
			"integrity": "sha1-IQmtx5ZYh8/AXLvUQsrIv7s2CGM=",
			"dev": true
		},
		"process-nextick-args": {
			"version": "2.0.1",
			"resolved": "https://registry.npmjs.org/process-nextick-args/-/process-nextick-args-2.0.1.tgz",
			"integrity": "sha512-3ouUOpQhtgrbOa17J7+uxOTpITYWaGP7/AhoR3+A+/1e9skrzelGi/dXzEYyvbxubEF6Wn2ypscTKiKJFFn1ag==",
			"dev": true
		},
		"readable-stream": {
			"version": "2.3.7",
			"resolved": "https://registry.npmjs.org/readable-stream/-/readable-stream-2.3.7.tgz",
			"integrity": "sha512-Ebho8K4jIbHAxnuxi7o42OrZgF/ZTNcsZj6nRKyUmkhLFq8CHItp/fy6hQZuZmP/n3yZ9VBUbp4zz/mX8hmYPw==",
			"dev": true,
			"requires": {
				"core-util-is": "~1.0.0",
				"inherits": "~2.0.3",
				"isarray": "~1.0.0",
				"process-nextick-args": "~2.0.0",
				"safe-buffer": "~5.1.1",
				"string_decoder": "~1.1.1",
				"util-deprecate": "~1.0.1"
			},
			"dependencies": {
				"safe-buffer": {
					"version": "5.1.2",
					"resolved": "https://registry.npmjs.org/safe-buffer/-/safe-buffer-5.1.2.tgz",
					"integrity": "sha512-Gd2UZBJDkXlY7GbJxfsE8/nvKkUEU1G38c1siN6QP6a9PT9MmHB8GnpscSmMJSoF8LOIrt8ud/wPtojys4G6+g==",
					"dev": true
				}
			}
		},
		"require_optional": {
			"version": "1.0.1",
			"resolved": "https://registry.npmjs.org/require_optional/-/require_optional-1.0.1.tgz",
			"integrity": "sha512-qhM/y57enGWHAe3v/NcwML6a3/vfESLe/sGM2dII+gEO0BpKRUkWZow/tyloNqJyN6kXSl3RyyM8Ll5D/sJP8g==",
			"dev": true,
			"requires": {
				"resolve-from": "^2.0.0",
				"semver": "^5.1.0"
			}
		},
		"resolve-from": {
			"version": "2.0.0",
			"resolved": "https://registry.npmjs.org/resolve-from/-/resolve-from-2.0.0.tgz",
			"integrity": "sha1-lICrIOlP+h2egKgEx+oUdhGWa1c=",
			"dev": true
		},
		"safe-buffer": {
			"version": "5.2.1",
			"resolved": "https://registry.npmjs.org/safe-buffer/-/safe-buffer-5.2.1.tgz",
			"integrity": "sha512-rp3So07KcdmmKbGvgaNxQSJr7bGVSVk5S9Eq1F+ppbRo70+YeaDxkw5Dd8NPN+GD6bjnYm2VuPuCXmpuYvmCXQ==",
			"dev": true
		},
		"saslprep": {
			"version": "1.0.3",
			"resolved": "https://registry.npmjs.org/saslprep/-/saslprep-1.0.3.tgz",
			"integrity": "sha512-/MY/PEMbk2SuY5sScONwhUDsV2p77Znkb/q3nSVstq/yQzYJOH/Azh29p9oJLsl3LnQwSvZDKagDGBsBwSooag==",
			"dev": true,
			"optional": true,
			"requires": {
				"sparse-bitfield": "^3.0.3"
			}
		},
		"semver": {
			"version": "5.7.1",
			"resolved": "https://registry.npmjs.org/semver/-/semver-5.7.1.tgz",
			"integrity": "sha512-sauaDf/PZdVgrLTNYHRtpXa1iRiKcaebiKQ1BJdpQlWH2lCvexQdX55snPFyK7QzpudqbCI0qXFfOasHdyNDGQ==",
			"dev": true
		},
		"sparse-bitfield": {
			"version": "3.0.3",
			"resolved": "https://registry.npmjs.org/sparse-bitfield/-/sparse-bitfield-3.0.3.tgz",
			"integrity": "sha1-/0rm5oZWBWuks+eSqzM004JzyhE=",
			"dev": true,
			"optional": true,
			"requires": {
				"memory-pager": "^1.0.2"
			}
		},
		"string_decoder": {
			"version": "1.1.1",
			"resolved": "https://registry.npmjs.org/string_decoder/-/string_decoder-1.1.1.tgz",
			"integrity": "sha512-n/ShnvDi6FHbbVfviro+WojiFzv+s8MPMHBczVePfUpDJLwoLT0ht1l4YwBCbi8pJAveEEdnkHyPyTP/mzRfwg==",
			"dev": true,
			"requires": {
				"safe-buffer": "~5.1.0"
			},
			"dependencies": {
				"safe-buffer": {
					"version": "5.1.2",
					"resolved": "https://registry.npmjs.org/safe-buffer/-/safe-buffer-5.1.2.tgz",
					"integrity": "sha512-Gd2UZBJDkXlY7GbJxfsE8/nvKkUEU1G38c1siN6QP6a9PT9MmHB8GnpscSmMJSoF8LOIrt8ud/wPtojys4G6+g==",
					"dev": true
				}
			}
		},
		"util-deprecate": {
			"version": "1.0.2",
			"resolved": "https://registry.npmjs.org/util-deprecate/-/util-deprecate-1.0.2.tgz",
			"integrity": "sha1-RQ1Nyfpw3nMnYvvS1KKJgUGaDM8=",
			"dev": true
		}
	}
}
